
Microsoft Visual Studio Solution File, Format Version 12.00
# Visual Studio Version 17
VisualStudioVersion = 17.0.31903.59
MinimumVisualStudioVersion = 10.0.40219.1
Project("{FAE04EC0-301F-11D3-BF4B-00C04F79EFBC}") = "RubberSearch.Api", "RubberSearch.Api\RubberSearch.Api.csproj", "{A81F2179-79C4-4088-AD0C-6C277CE2C812}"
EndProject
Project("{FAE04EC0-301F-11D3-BF4B-00C04F79EFBC}") = "Core", "Core\Core.csproj", "{7988BEC1-0C5A-422A-B396-4043B6A4E229}"
EndProject
Project("{FAE04EC0-301F-11D3-BF4B-00C04F79EFBC}") = "Infrastructure", "Infrastructure\Infrastructure.csproj", "{2AE03B5E-6BFD-4A3A-A9A7-28A820573F50}"
EndProject
Project("{2150E333-8FDC-42A3-9474-1A3956D46DE8}") = "Tests", "Tests", "{0AB3BF05-4346-4AA6-1389-037BE0695223}"
EndProject
Project("{FAE04EC0-301F-11D3-BF4B-00C04F79EFBC}") = "UnitTests", "Tests\UnitTests\UnitTests.csproj", "{C3BC61BE-EB1E-4596-B8AC-BF93CD062AA5}"
EndProject
Global
	GlobalSection(SolutionConfigurationPlatforms) = preSolution
		Debug|Any CPU = Debug|Any CPU
		Debug|x64 = Debug|x64
		Debug|x86 = Debug|x86
		Release|Any CPU = Release|Any CPU
		Release|x64 = Release|x64
		Release|x86 = Release|x86
	EndGlobalSection
	GlobalSection(ProjectConfigurationPlatforms) = postSolution
		{A81F2179-79C4-4088-AD0C-6C277CE2C812}.Debug|Any CPU.ActiveCfg = Debug|Any CPU
		{A81F2179-79C4-4088-AD0C-6C277CE2C812}.Debug|Any CPU.Build.0 = Debug|Any CPU
		{A81F2179-79C4-4088-AD0C-6C277CE2C812}.Debug|x64.ActiveCfg = Debug|Any CPU
		{A81F2179-79C4-4088-AD0C-6C277CE2C812}.Debug|x64.Build.0 = Debug|Any CPU
		{A81F2179-79C4-4088-AD0C-6C277CE2C812}.Debug|x86.ActiveCfg = Debug|Any CPU
		{A81F2179-79C4-4088-AD0C-6C277CE2C812}.Debug|x86.Build.0 = Debug|Any CPU
		{A81F2179-79C4-4088-AD0C-6C277CE2C812}.Release|Any CPU.ActiveCfg = Release|Any CPU
		{A81F2179-79C4-4088-AD0C-6C277CE2C812}.Release|Any CPU.Build.0 = Release|Any CPU
		{A81F2179-79C4-4088-AD0C-6C277CE2C812}.Release|x64.ActiveCfg = Release|Any CPU
		{A81F2179-79C4-4088-AD0C-6C277CE2C812}.Release|x64.Build.0 = Release|Any CPU
		{A81F2179-79C4-4088-AD0C-6C277CE2C812}.Release|x86.ActiveCfg = Release|Any CPU
		{A81F2179-79C4-4088-AD0C-6C277CE2C812}.Release|x86.Build.0 = Release|Any CPU
		{7988BEC1-0C5A-422A-B396-4043B6A4E229}.Debug|Any CPU.ActiveCfg = Debug|Any CPU
		{7988BEC1-0C5A-422A-B396-4043B6A4E229}.Debug|Any CPU.Build.0 = Debug|Any CPU
		{7988BEC1-0C5A-422A-B396-4043B6A4E229}.Debug|x64.ActiveCfg = Debug|Any CPU
		{7988BEC1-0C5A-422A-B396-4043B6A4E229}.Debug|x64.Build.0 = Debug|Any CPU
		{7988BEC1-0C5A-422A-B396-4043B6A4E229}.Debug|x86.ActiveCfg = Debug|Any CPU
		{7988BEC1-0C5A-422A-B396-4043B6A4E229}.Debug|x86.Build.0 = Debug|Any CPU
		{7988BEC1-0C5A-422A-B396-4043B6A4E229}.Release|Any CPU.ActiveCfg = Release|Any CPU
		{7988BEC1-0C5A-422A-B396-4043B6A4E229}.Release|Any CPU.Build.0 = Release|Any CPU
		{7988BEC1-0C5A-422A-B396-4043B6A4E229}.Release|x64.ActiveCfg = Release|Any CPU
		{7988BEC1-0C5A-422A-B396-4043B6A4E229}.Release|x64.Build.0 = Release|Any CPU
		{7988BEC1-0C5A-422A-B396-4043B6A4E229}.Release|x86.ActiveCfg = Release|Any CPU
		{7988BEC1-0C5A-422A-B396-4043B6A4E229}.Release|x86.Build.0 = Release|Any CPU
		{2AE03B5E-6BFD-4A3A-A9A7-28A820573F50}.Debug|Any CPU.ActiveCfg = Debug|Any CPU
		{2AE03B5E-6BFD-4A3A-A9A7-28A820573F50}.Debug|Any CPU.Build.0 = Debug|Any CPU
		{2AE03B5E-6BFD-4A3A-A9A7-28A820573F50}.Debug|x64.ActiveCfg = Debug|Any CPU
		{2AE03B5E-6BFD-4A3A-A9A7-28A820573F50}.Debug|x64.Build.0 = Debug|Any CPU
		{2AE03B5E-6BFD-4A3A-A9A7-28A820573F50}.Debug|x86.ActiveCfg = Debug|Any CPU
		{2AE03B5E-6BFD-4A3A-A9A7-28A820573F50}.Debug|x86.Build.0 = Debug|Any CPU
		{2AE03B5E-6BFD-4A3A-A9A7-28A820573F50}.Release|Any CPU.ActiveCfg = Release|Any CPU
		{2AE03B5E-6BFD-4A3A-A9A7-28A820573F50}.Release|Any CPU.Build.0 = Release|Any CPU
		{2AE03B5E-6BFD-4A3A-A9A7-28A820573F50}.Release|x64.ActiveCfg = Release|Any CPU
		{2AE03B5E-6BFD-4A3A-A9A7-28A820573F50}.Release|x64.Build.0 = Release|Any CPU
		{2AE03B5E-6BFD-4A3A-A9A7-28A820573F50}.Release|x86.ActiveCfg = Release|Any CPU
		{2AE03B5E-6BFD-4A3A-A9A7-28A820573F50}.Release|x86.Build.0 = Release|Any CPU
		{C3BC61BE-EB1E-4596-B8AC-BF93CD062AA5}.Debug|Any CPU.ActiveCfg = Debug|Any CPU
		{C3BC61BE-EB1E-4596-B8AC-BF93CD062AA5}.Debug|Any CPU.Build.0 = Debug|Any CPU
		{C3BC61BE-EB1E-4596-B8AC-BF93CD062AA5}.Debug|x64.ActiveCfg = Debug|Any CPU
		{C3BC61BE-EB1E-4596-B8AC-BF93CD062AA5}.Debug|x64.Build.0 = Debug|Any CPU
		{C3BC61BE-EB1E-4596-B8AC-BF93CD062AA5}.Debug|x86.ActiveCfg = Debug|Any CPU
		{C3BC61BE-EB1E-4596-B8AC-BF93CD062AA5}.Debug|x86.Build.0 = Debug|Any CPU
		{C3BC61BE-EB1E-4596-B8AC-BF93CD062AA5}.Release|Any CPU.ActiveCfg = Release|Any CPU
		{C3BC61BE-EB1E-4596-B8AC-BF93CD062AA5}.Release|Any CPU.Build.0 = Release|Any CPU
		{C3BC61BE-EB1E-4596-B8AC-BF93CD062AA5}.Release|x64.ActiveCfg = Release|Any CPU
		{C3BC61BE-EB1E-4596-B8AC-BF93CD062AA5}.Release|x64.Build.0 = Release|Any CPU
		{C3BC61BE-EB1E-4596-B8AC-BF93CD062AA5}.Release|x86.ActiveCfg = Release|Any CPU
		{C3BC61BE-EB1E-4596-B8AC-BF93CD062AA5}.Release|x86.Build.0 = Release|Any CPU
	EndGlobalSection
	GlobalSection(SolutionProperties) = preSolution
		HideSolutionNode = FALSE
	EndGlobalSection
	GlobalSection(NestedProjects) = preSolution
		{C3BC61BE-EB1E-4596-B8AC-BF93CD062AA5} = {0AB3BF05-4346-4AA6-1389-037BE0695223}
	EndGlobalSection
EndGlobal
